
Microsoft Visual Studio Solution File, Format Version 12.00
# Visual Studio Version 16
VisualStudioVersion = 16.0.29418.71
MinimumVisualStudioVersion = 10.0.40219.1
Project("{9A19103F-16F7-4668-BE54-9A1E7A4F7556}") = "DigitalMegaFlare", "DigitalMegaFlare\DigitalMegaFlare.csproj", "{57C1946B-8518-4DCF-86FD-ED16A4EA8FDF}"
EndProject
Project("{9A19103F-16F7-4668-BE54-9A1E7A4F7556}") = "Mintea", "..\Mintea\HtmlToDom\Mintea.csproj", "{06DEA7A6-970D-434D-BBBC-229DCEBD4EE6}"
EndProject
Global
	GlobalSection(SolutionConfigurationPlatforms) = preSolution
		Debug|Any CPU = Debug|Any CPU
		Release|Any CPU = Release|Any CPU
	EndGlobalSection
	GlobalSection(ProjectConfigurationPlatforms) = postSolution
		{57C1946B-8518-4DCF-86FD-ED16A4EA8FDF}.Debug|Any CPU.ActiveCfg = Debug|Any CPU
		{57C1946B-8518-4DCF-86FD-ED16A4EA8FDF}.Debug|Any CPU.Build.0 = Debug|Any CPU
		{57C1946B-8518-4DCF-86FD-ED16A4EA8FDF}.Release|Any CPU.ActiveCfg = Release|Any CPU
		{57C1946B-8518-4DCF-86FD-ED16A4EA8FDF}.Release|Any CPU.Build.0 = Release|Any CPU
		{06DEA7A6-970D-434D-BBBC-229DCEBD4EE6}.Debug|Any CPU.ActiveCfg = Debug|Any CPU
		{06DEA7A6-970D-434D-BBBC-229DCEBD4EE6}.Debug|Any CPU.Build.0 = Debug|Any CPU
		{06DEA7A6-970D-434D-BBBC-229DCEBD4EE6}.Release|Any CPU.ActiveCfg = Release|Any CPU
		{06DEA7A6-970D-434D-BBBC-229DCEBD4EE6}.Release|Any CPU.Build.0 = Release|Any CPU
	EndGlobalSection
	GlobalSection(SolutionProperties) = preSolution
		HideSolutionNode = FALSE
	EndGlobalSection
	GlobalSection(ExtensibilityGlobals) = postSolution
		SolutionGuid = {D6327150-6F39-45DE-A3AA-BA84099AD901}
	EndGlobalSection
EndGlobal
